// !$*UTF8*$!
{
	archiveVersion = 1;
	classes = {
	};
	objectVersion = 46;
	objects = {

/* Begin PBXBuildFile section */
		48CEDE461A6DA74100892019 /* AppDelegate.swift in Sources */ = {isa = PBXBuildFile; fileRef = 48CEDE451A6DA74100892019 /* AppDelegate.swift */; };
		48CEDE481A6DA74100892019 /* ViewController.swift in Sources */ = {isa = PBXBuildFile; fileRef = 48CEDE471A6DA74100892019 /* ViewController.swift */; };
		48CEDE4B1A6DA74100892019 /* Main.storyboard in Resources */ = {isa = PBXBuildFile; fileRef = 48CEDE491A6DA74100892019 /* Main.storyboard */; };
		48CEDE4D1A6DA74100892019 /* Images.xcassets in Resources */ = {isa = PBXBuildFile; fileRef = 48CEDE4C1A6DA74100892019 /* Images.xcassets */; };
		48CEDE501A6DA74100892019 /* LaunchScreen.xib in Resources */ = {isa = PBXBuildFile; fileRef = 48CEDE4E1A6DA74100892019 /* LaunchScreen.xib */; };
		48CEDE5C1A6DA74200892019 /* GitHubAllOverTests.swift in Sources */ = {isa = PBXBuildFile; fileRef = 48CEDE5B1A6DA74200892019 /* GitHubAllOverTests.swift */; };
		48CEDE661A6DA7EF00892019 /* Tasks in Resources */ = {isa = PBXBuildFile; fileRef = 48CEDE651A6DA7EF00892019 /* Tasks */; };
		48CEDE6B1A6DAA3600892019 /* IntroTableViewController.swift in Sources */ = {isa = PBXBuildFile; fileRef = 48CEDE6A1A6DAA3600892019 /* IntroTableViewController.swift */; };
/* End PBXBuildFile section */

/* Begin PBXContainerItemProxy section */
		48CEDE561A6DA74200892019 /* PBXContainerItemProxy */ = {
			isa = PBXContainerItemProxy;
			containerPortal = 48CEDE381A6DA74100892019 /* Project object */;
			proxyType = 1;
			remoteGlobalIDString = 48CEDE3F1A6DA74100892019;
			remoteInfo = GitHubAllOver;
		};
/* End PBXContainerItemProxy section */

/* Begin PBXFileReference section */
		48CEDE401A6DA74100892019 /* GitHubAllOver.app */ = {isa = PBXFileReference; explicitFileType = wrapper.application; includeInIndex = 0; path = GitHubAllOver.app; sourceTree = BUILT_PRODUCTS_DIR; };
		48CEDE441A6DA74100892019 /* Info.plist */ = {isa = PBXFileReference; lastKnownFileType = text.plist.xml; path = Info.plist; sourceTree = "<group>"; };
		48CEDE451A6DA74100892019 /* AppDelegate.swift */ = {isa = PBXFileReference; lastKnownFileType = sourcecode.swift; path = AppDelegate.swift; sourceTree = "<group>"; };
		48CEDE471A6DA74100892019 /* ViewController.swift */ = {isa = PBXFileReference; lastKnownFileType = sourcecode.swift; path = ViewController.swift; sourceTree = "<group>"; };
		48CEDE4A1A6DA74100892019 /* Base */ = {isa = PBXFileReference; lastKnownFileType = file.storyboard; name = Base; path = Base.lproj/Main.storyboard; sourceTree = "<group>"; };
		48CEDE4C1A6DA74100892019 /* Images.xcassets */ = {isa = PBXFileReference; lastKnownFileType = folder.assetcatalog; path = Images.xcassets; sourceTree = "<group>"; };
		48CEDE4F1A6DA74100892019 /* Base */ = {isa = PBXFileReference; lastKnownFileType = file.xib; name = Base; path = Base.lproj/LaunchScreen.xib; sourceTree = "<group>"; };
		48CEDE551A6DA74200892019 /* GitHubAllOverTests.xctest */ = {isa = PBXFileReference; explicitFileType = wrapper.cfbundle; includeInIndex = 0; path = GitHubAllOverTests.xctest; sourceTree = BUILT_PRODUCTS_DIR; };
		48CEDE5A1A6DA74200892019 /* Info.plist */ = {isa = PBXFileReference; lastKnownFileType = text.plist.xml; path = Info.plist; sourceTree = "<group>"; };
		48CEDE5B1A6DA74200892019 /* GitHubAllOverTests.swift */ = {isa = PBXFileReference; lastKnownFileType = sourcecode.swift; path = GitHubAllOverTests.swift; sourceTree = "<group>"; };
		48CEDE651A6DA7EF00892019 /* Tasks */ = {isa = PBXFileReference; fileEncoding = 4; lastKnownFileType = text; path = Tasks; sourceTree = "<group>"; };
		48CEDE6A1A6DAA3600892019 /* IntroTableViewController.swift */ = {isa = PBXFileReference; fileEncoding = 4; lastKnownFileType = sourcecode.swift; path = IntroTableViewController.swift; sourceTree = "<group>"; };
/* End PBXFileReference section */

/* Begin PBXFrameworksBuildPhase section */
		48CEDE3D1A6DA74100892019 /* Frameworks */ = {
			isa = PBXFrameworksBuildPhase;
			buildActionMask = 2147483647;
			files = (
			);
			runOnlyForDeploymentPostprocessing = 0;
		};
		48CEDE521A6DA74200892019 /* Frameworks */ = {
			isa = PBXFrameworksBuildPhase;
			buildActionMask = 2147483647;
			files = (
			);
			runOnlyForDeploymentPostprocessing = 0;
		};
/* End PBXFrameworksBuildPhase section */

/* Begin PBXGroup section */
		48CEDE371A6DA74100892019 = {
			isa = PBXGroup;
			children = (
				48CEDE691A6DA9FA00892019 /* View */,
				48CEDE681A6DA9F400892019 /* Model */,
				48CEDE671A6DA9E600892019 /* Controller */,
				48CEDE651A6DA7EF00892019 /* Tasks */,
				48CEDE421A6DA74100892019 /* GitHubAllOver */,
				48CEDE581A6DA74200892019 /* GitHubAllOverTests */,
				48CEDE411A6DA74100892019 /* Products */,
			);
			sourceTree = "<group>";
		};
		48CEDE411A6DA74100892019 /* Products */ = {
			isa = PBXGroup;
			children = (
				48CEDE401A6DA74100892019 /* GitHubAllOver.app */,
				48CEDE551A6DA74200892019 /* GitHubAllOverTests.xctest */,
			);
			name = Products;
			sourceTree = "<group>";
		};
		48CEDE421A6DA74100892019 /* GitHubAllOver */ = {
			isa = PBXGroup;
			children = (
				48CEDE451A6DA74100892019 /* AppDelegate.swift */,
				48CEDE471A6DA74100892019 /* ViewController.swift */,
				48CEDE4C1A6DA74100892019 /* Images.xcassets */,
				48CEDE431A6DA74100892019 /* Supporting Files */,
			);
			path = GitHubAllOver;
			sourceTree = "<group>";
		};
		48CEDE431A6DA74100892019 /* Supporting Files */ = {
			isa = PBXGroup;
			children = (
				48CEDE441A6DA74100892019 /* Info.plist */,
			);
			name = "Supporting Files";
			sourceTree = "<group>";
		};
		48CEDE581A6DA74200892019 /* GitHubAllOverTests */ = {
			isa = PBXGroup;
			children = (
				48CEDE5B1A6DA74200892019 /* GitHubAllOverTests.swift */,
				48CEDE591A6DA74200892019 /* Supporting Files */,
			);
			path = GitHubAllOverTests;
			sourceTree = "<group>";
		};
		48CEDE591A6DA74200892019 /* Supporting Files */ = {
			isa = PBXGroup;
			children = (
				48CEDE5A1A6DA74200892019 /* Info.plist */,
			);
			name = "Supporting Files";
			sourceTree = "<group>";
		};
		48CEDE671A6DA9E600892019 /* Controller */ = {
			isa = PBXGroup;
			children = (
				48CEDE6A1A6DAA3600892019 /* IntroTableViewController.swift */,
			);
			name = Controller;
			sourceTree = "<group>";
		};
		48CEDE681A6DA9F400892019 /* Model */ = {
			isa = PBXGroup;
			children = (
			);
			name = Model;
			sourceTree = "<group>";
		};
		48CEDE691A6DA9FA00892019 /* View */ = {
			isa = PBXGroup;
			children = (
				48CEDE491A6DA74100892019 /* Main.storyboard */,
				48CEDE4E1A6DA74100892019 /* LaunchScreen.xib */,
			);
			name = View;
			sourceTree = "<group>";
		};
/* End PBXGroup section */

/* Begin PBXNativeTarget section */
		48CEDE3F1A6DA74100892019 /* GitHubAllOver */ = {
			isa = PBXNativeTarget;
			buildConfigurationList = 48CEDE5F1A6DA74200892019 /* Build configuration list for PBXNativeTarget "GitHubAllOver" */;
			buildPhases = (
				48CEDE3C1A6DA74100892019 /* Sources */,
				48CEDE3D1A6DA74100892019 /* Frameworks */,
				48CEDE3E1A6DA74100892019 /* Resources */,
			);
			buildRules = (
			);
			dependencies = (
			);
			name = GitHubAllOver;
			productName = GitHubAllOver;
			productReference = 48CEDE401A6DA74100892019 /* GitHubAllOver.app */;
			productType = "com.apple.product-type.application";
		};
		48CEDE541A6DA74200892019 /* GitHubAllOverTests */ = {
			isa = PBXNativeTarget;
			buildConfigurationList = 48CEDE621A6DA74200892019 /* Build configuration list for PBXNativeTarget "GitHubAllOverTests" */;
			buildPhases = (
				48CEDE511A6DA74200892019 /* Sources */,
				48CEDE521A6DA74200892019 /* Frameworks */,
				48CEDE531A6DA74200892019 /* Resources */,
			);
			buildRules = (
			);
			dependencies = (
				48CEDE571A6DA74200892019 /* PBXTargetDependency */,
			);
			name = GitHubAllOverTests;
			productName = GitHubAllOverTests;
			productReference = 48CEDE551A6DA74200892019 /* GitHubAllOverTests.xctest */;
			productType = "com.apple.product-type.bundle.unit-test";
		};
/* End PBXNativeTarget section */

/* Begin PBXProject section */
		48CEDE381A6DA74100892019 /* Project object */ = {
			isa = PBXProject;
			attributes = {
				LastUpgradeCheck = 0610;
				ORGANIZATIONNAME = "Rodrigo Carballo";
				TargetAttributes = {
					48CEDE3F1A6DA74100892019 = {
						CreatedOnToolsVersion = 6.1.1;
					};
					48CEDE541A6DA74200892019 = {
						CreatedOnToolsVersion = 6.1.1;
						TestTargetID = 48CEDE3F1A6DA74100892019;
					};
				};
			};
			buildConfigurationList = 48CEDE3B1A6DA74100892019 /* Build configuration list for PBXProject "GitHubAllOver" */;
			compatibilityVersion = "Xcode 3.2";
			developmentRegion = English;
			hasScannedForEncodings = 0;
			knownRegions = (
				en,
				Base,
			);
			mainGroup = 48CEDE371A6DA74100892019;
			productRefGroup = 48CEDE411A6DA74100892019 /* Products */;
			projectDirPath = "";
			projectRoot = "";
			targets = (
				48CEDE3F1A6DA74100892019 /* GitHubAllOver */,
				48CEDE541A6DA74200892019 /* GitHubAllOverTests */,
			);
		};
/* End PBXProject section */

/* Begin PBXResourcesBuildPhase section */
		48CEDE3E1A6DA74100892019 /* Resources */ = {
			isa = PBXResourcesBuildPhase;
			buildActionMask = 2147483647;
			files = (
				48CEDE4B1A6DA74100892019 /* Main.storyboard in Resources */,
				48CEDE501A6DA74100892019 /* LaunchScreen.xib in Resources */,
				48CEDE4D1A6DA74100892019 /* Images.xcassets in Resources */,
				48CEDE661A6DA7EF00892019 /* Tasks in Resources */,
			);
			runOnlyForDeploymentPostprocessing = 0;
		};
		48CEDE531A6DA74200892019 /* Resources */ = {
			isa = PBXResourcesBuildPhase;
			buildActionMask = 2147483647;
			files = (
			);
			runOnlyForDeploymentPostprocessing = 0;
		};
/* End PBXResourcesBuildPhase section */

/* Begin PBXSourcesBuildPhase section */
		48CEDE3C1A6DA74100892019 /* Sources */ = {
			isa = PBXSourcesBuildPhase;
			buildActionMask = 2147483647;
			files = (
				48CEDE481A6DA74100892019 /* ViewController.swift in Sources */,
				48CEDE6B1A6DAA3600892019 /* IntroTableViewController.swift in Sources */,
				48CEDE461A6DA74100892019 /* AppDelegate.swift in Sources */,
			);
			runOnlyForDeploymentPostprocessing = 0;
		};
		48CEDE511A6DA74200892019 /* Sources */ = {
			isa = PBXSourcesBuildPhase;
			buildActionMask = 2147483647;
			files = (
				48CEDE5C1A6DA74200892019 /* GitHubAllOverTests.swift in Sources */,
			);
			runOnlyForDeploymentPostprocessing = 0;
		};
/* End PBXSourcesBuildPhase section */

/* Begin PBXTargetDependency section */
		48CEDE571A6DA74200892019 /* PBXTargetDependency */ = {
			isa = PBXTargetDependency;
			target = 48CEDE3F1A6DA74100892019 /* GitHubAllOver */;
			targetProxy = 48CEDE561A6DA74200892019 /* PBXContainerItemProxy */;
		};
/* End PBXTargetDependency section */

/* Begin PBXVariantGroup section */
		48CEDE491A6DA74100892019 /* Main.storyboard */ = {
			isa = PBXVariantGroup;
			children = (
				48CEDE4A1A6DA74100892019 /* Base */,
			);
			name = Main.storyboard;
			path = GitHubAllOver;
			sourceTree = "<group>";
		};
		48CEDE4E1A6DA74100892019 /* LaunchScreen.xib */ = {
			isa = PBXVariantGroup;
			children = (
				48CEDE4F1A6DA74100892019 /* Base */,
			);
			name = LaunchScreen.xib;
			path = GitHubAllOver;
			sourceTree = "<group>";
		};
/* End PBXVariantGroup section */

/* Begin XCBuildConfiguration section */
		48CEDE5D1A6DA74200892019 /* Debug */ = {
			isa = XCBuildConfiguration;
			buildSettings = {
				ALWAYS_SEARCH_USER_PATHS = NO;
				CLANG_CXX_LANGUAGE_STANDARD = "gnu++0x";
				CLANG_CXX_LIBRARY = "libc++";
				CLANG_ENABLE_MODULES = YES;
				CLANG_ENABLE_OBJC_ARC = YES;
				CLANG_WARN_BOOL_CONVERSION = YES;
				CLANG_WARN_CONSTANT_CONVERSION = YES;
				CLANG_WARN_DIRECT_OBJC_ISA_USAGE = YES_ERROR;
				CLANG_WARN_EMPTY_BODY = YES;
				CLANG_WARN_ENUM_CONVERSION = YES;
				CLANG_WARN_INT_CONVERSION = YES;
				CLANG_WARN_OBJC_ROOT_CLASS = YES_ERROR;
				CLANG_WARN_UNREACHABLE_CODE = YES;
				CLANG_WARN__DUPLICATE_METHOD_MATCH = YES;
				"CODE_SIGN_IDENTITY[sdk=iphoneos*]" = "iPhone Developer";
				COPY_PHASE_STRIP = NO;
				ENABLE_STRICT_OBJC_MSGSEND = YES;
				GCC_C_LANGUAGE_STANDARD = gnu99;
				GCC_DYNAMIC_NO_PIC = NO;
				GCC_OPTIMIZATION_LEVEL = 0;
				GCC_PREPROCESSOR_DEFINITIONS = (
					"DEBUG=1",
					"$(inherited)",
				);
				GCC_SYMBOLS_PRIVATE_EXTERN = NO;
				GCC_WARN_64_TO_32_BIT_CONVERSION = YES;
				GCC_WARN_ABOUT_RETURN_TYPE = YES_ERROR;
				GCC_WARN_UNDECLARED_SELECTOR = YES;
				GCC_WARN_UNINITIALIZED_AUTOS = YES_AGGRESSIVE;
				GCC_WARN_UNUSED_FUNCTION = YES;
				GCC_WARN_UNUSED_VARIABLE = YES;
				IPHONEOS_DEPLOYMENT_TARGET = 8.1;
				MTL_ENABLE_DEBUG_INFO = YES;
				ONLY_ACTIVE_ARCH = YES;
				SDKROOT = iphoneos;
				SWIFT_OPTIMIZATION_LEVEL = "-Onone";
			};
			name = Debug;
		};
		48CEDE5E1A6DA74200892019 /* Release */ = {
			isa = XCBuildConfiguration;
			buildSettings = {
				ALWAYS_SEARCH_USER_PATHS = NO;
				CLANG_CXX_LANGUAGE_STANDARD = "gnu++0x";
				CLANG_CXX_LIBRARY = "libc++";
				CLANG_ENABLE_MODULES = YES;
				CLANG_ENABLE_OBJC_ARC = YES;
				CLANG_WARN_BOOL_CONVERSION = YES;
				CLANG_WARN_CONSTANT_CONVERSION = YES;
				CLANG_WARN_DIRECT_OBJC_ISA_USAGE = YES_ERROR;
				CLANG_WARN_EMPTY_BODY = YES;
				CLANG_WARN_ENUM_CONVERSION = YES;
				CLANG_WARN_INT_CONVERSION = YES;
				CLANG_WARN_OBJC_ROOT_CLASS = YES_ERROR;
				CLANG_WARN_UNREACHABLE_CODE = YES;
				CLANG_WARN__DUPLICATE_METHOD_MATCH = YES;
				"CODE_SIGN_IDENTITY[sdk=iphoneos*]" = "iPhone Developer";
				COPY_PHASE_STRIP = YES;
				ENABLE_NS_ASSERTIONS = NO;
				ENABLE_STRICT_OBJC_MSGSEND = YES;
				GCC_C_LANGUAGE_STANDARD = gnu99;
				GCC_WARN_64_TO_32_BIT_CONVERSION = YES;
				GCC_WARN_ABOUT_RETURN_TYPE = YES_ERROR;
				GCC_WARN_UNDECLARED_SELECTOR = YES;
				GCC_WARN_UNINITIALIZED_AUTOS = YES_AGGRESSIVE;
				GCC_WARN_UNUSED_FUNCTION = YES;
				GCC_WARN_UNUSED_VARIABLE = YES;
				IPHONEOS_DEPLOYMENT_TARGET = 8.1;
				MTL_ENABLE_DEBUG_INFO = NO;
				SDKROOT = iphoneos;
				VALIDATE_PRODUCT = YES;
			};
			name = Release;
		};
		48CEDE601A6DA74200892019 /* Debug */ = {
			isa = XCBuildConfiguration;
			buildSettings = {
				ASSETCATALOG_COMPILER_APPICON_NAME = AppIcon;
				INFOPLIST_FILE = GitHubAllOver/Info.plist;
				LD_RUNPATH_SEARCH_PATHS = "$(inherited) @executable_path/Frameworks";
				PRODUCT_NAME = "$(TARGET_NAME)";
			};
			name = Debug;
		};
		48CEDE611A6DA74200892019 /* Release */ = {
			isa = XCBuildConfiguration;
			buildSettings = {
				ASSETCATALOG_COMPILER_APPICON_NAME = AppIcon;
				INFOPLIST_FILE = GitHubAllOver/Info.plist;
				LD_RUNPATH_SEARCH_PATHS = "$(inherited) @executable_path/Frameworks";
				PRODUCT_NAME = "$(TARGET_NAME)";
			};
			name = Release;
		};
		48CEDE631A6DA74200892019 /* Debug */ = {
			isa = XCBuildConfiguration;
			buildSettings = {
				BUNDLE_LOADER = "$(TEST_HOST)";
				FRAMEWORK_SEARCH_PATHS = (
					"$(SDKROOT)/Developer/Library/Frameworks",
					"$(inherited)",
				);
				GCC_PREPROCESSOR_DEFINITIONS = (
					"DEBUG=1",
					"$(inherited)",
				);
				INFOPLIST_FILE = GitHubAllOverTests/Info.plist;
				LD_RUNPATH_SEARCH_PATHS = "$(inherited) @executable_path/Frameworks @loader_path/Frameworks";
				PRODUCT_NAME = "$(TARGET_NAME)";
				TEST_HOST = "$(BUILT_PRODUCTS_DIR)/GitHubAllOver.app/GitHubAllOver";
			};
			name = Debug;
		};
		48CEDE641A6DA74200892019 /* Release */ = {
			isa = XCBuildConfiguration;
			buildSettings = {
				BUNDLE_LOADER = "$(TEST_HOST)";
				FRAMEWORK_SEARCH_PATHS = (
					"$(SDKROOT)/Developer/Library/Frameworks",
					"$(inherited)",
				);
				INFOPLIST_FILE = GitHubAllOverTests/Info.plist;
				LD_RUNPATH_SEARCH_PATHS = "$(inherited) @executable_path/Frameworks @loader_path/Frameworks";
				PRODUCT_NAME = "$(TARGET_NAME)";
				TEST_HOST = "$(BUILT_PRODUCTS_DIR)/GitHubAllOver.app/GitHubAllOver";
			};
			name = Release;
		};
/* End XCBuildConfiguration section */

/* Begin XCConfigurationList section */
		48CEDE3B1A6DA74100892019 /* Build configuration list for PBXProject "GitHubAllOver" */ = {
			isa = XCConfigurationList;
			buildConfigurations = (
				48CEDE5D1A6DA74200892019 /* Debug */,
				48CEDE5E1A6DA74200892019 /* Release */,
			);
			defaultConfigurationIsVisible = 0;
			defaultConfigurationName = Release;
		};
		48CEDE5F1A6DA74200892019 /* Build configuration list for PBXNativeTarget "GitHubAllOver" */ = {
			isa = XCConfigurationList;
			buildConfigurations = (
				48CEDE601A6DA74200892019 /* Debug */,
				48CEDE611A6DA74200892019 /* Release */,
			);
			defaultConfigurationIsVisible = 0;
		};
		48CEDE621A6DA74200892019 /* Build configuration list for PBXNativeTarget "GitHubAllOverTests" */ = {
			isa = XCConfigurationList;
			buildConfigurations = (
				48CEDE631A6DA74200892019 /* Debug */,
				48CEDE641A6DA74200892019 /* Release */,
			);
			defaultConfigurationIsVisible = 0;
		};
/* End XCConfigurationList section */
	};
	rootObject = 48CEDE381A6DA74100892019 /* Project object */;
}
